
Microsoft Visual Studio Solution File, Format Version 12.00
# Visual Studio Version 17
VisualStudioVersion = 17.4.33205.214
MinimumVisualStudioVersion = 10.0.40219.1
Project("{FAE04EC0-301F-11D3-BF4B-00C04F79EFBC}") = "broadcom-community-parser", "broadcom-community-parser\broadcom-community-parser.csproj", "{EF39770F-3E11-4BCD-9A3E-2FC18B85CE0A}"
EndProject
Global
	GlobalSection(SolutionConfigurationPlatforms) = preSolution
		Debug|Any CPU = Debug|Any CPU
		Release|Any CPU = Release|Any CPU
	EndGlobalSection
	GlobalSection(ProjectConfigurationPlatforms) = postSolution
		{EF39770F-3E11-4BCD-9A3E-2FC18B85CE0A}.Debug|Any CPU.ActiveCfg = Debug|Any CPU
		{EF39770F-3E11-4BCD-9A3E-2FC18B85CE0A}.Debug|Any CPU.Build.0 = Debug|Any CPU
		{EF39770F-3E11-4BCD-9A3E-2FC18B85CE0A}.Release|Any CPU.ActiveCfg = Release|Any CPU
		{EF39770F-3E11-4BCD-9A3E-2FC18B85CE0A}.Release|Any CPU.Build.0 = Release|Any CPU
	EndGlobalSection
	GlobalSection(SolutionProperties) = preSolution
		HideSolutionNode = FALSE
	EndGlobalSection
	GlobalSection(ExtensibilityGlobals) = postSolution
		SolutionGuid = {A05D2475-452C-4428-9912-C4DB25DA273E}
	EndGlobalSection
EndGlobal
